
Microsoft Visual Studio Solution File, Format Version 12.00
# Visual Studio Version 17
VisualStudioVersion = 17.1.32414.318
MinimumVisualStudioVersion = 10.0.40219.1
Project("{FAE04EC0-301F-11D3-BF4B-00C04F79EFBC}") = "Assignment 2", "Assignment 2\Assignment 2.csproj", "{B8946B5B-7E89-4AA3-992C-21C3F3D0AAEA}"
EndProject
Global
	GlobalSection(SolutionConfigurationPlatforms) = preSolution
		Debug|Any CPU = Debug|Any CPU
		Release|Any CPU = Release|Any CPU
	EndGlobalSection
	GlobalSection(ProjectConfigurationPlatforms) = postSolution
		{B8946B5B-7E89-4AA3-992C-21C3F3D0AAEA}.Debug|Any CPU.ActiveCfg = Debug|Any CPU
		{B8946B5B-7E89-4AA3-992C-21C3F3D0AAEA}.Debug|Any CPU.Build.0 = Debug|Any CPU
		{B8946B5B-7E89-4AA3-992C-21C3F3D0AAEA}.Release|Any CPU.ActiveCfg = Release|Any CPU
		{B8946B5B-7E89-4AA3-992C-21C3F3D0AAEA}.Release|Any CPU.Build.0 = Release|Any CPU
	EndGlobalSection
	GlobalSection(SolutionProperties) = preSolution
		HideSolutionNode = FALSE
	EndGlobalSection
	GlobalSection(ExtensibilityGlobals) = postSolution
		SolutionGuid = {BCE9D9EE-5AB6-4CCE-94E4-48359A1EF8B8}
	EndGlobalSection
EndGlobal
